// !$*UTF8*$!
{
	archiveVersion = 1;
	classes = {
	};
	objectVersion = 50;
	objects = {

/* Begin PBXBuildFile section */
		5222E01C22B32F100043B882 /* UIImage_mergeToGrid.swift in Sources */ = {isa = PBXBuildFile; fileRef = 5222E01B22B32F100043B882 /* UIImage_mergeToGrid.swift */; };
		52420C1822B0BBEF00275292 /* CountdownViewController.swift in Sources */ = {isa = PBXBuildFile; fileRef = 52420C1722B0BBEF00275292 /* CountdownViewController.swift */; };
		52420C1A22B0CCCD00275292 /* ScreenViewController.swift in Sources */ = {isa = PBXBuildFile; fileRef = 52420C1922B0CCCD00275292 /* ScreenViewController.swift */; };
		52BF521C22B072FF00899F8E /* AppDelegate.swift in Sources */ = {isa = PBXBuildFile; fileRef = 52BF521B22B072FF00899F8E /* AppDelegate.swift */; };
		52BF521E22B072FF00899F8E /* ViewController.swift in Sources */ = {isa = PBXBuildFile; fileRef = 52BF521D22B072FF00899F8E /* ViewController.swift */; };
		52BF522122B072FF00899F8E /* Main.storyboard in Resources */ = {isa = PBXBuildFile; fileRef = 52BF521F22B072FF00899F8E /* Main.storyboard */; };
		52BF522322B0730000899F8E /* Assets.xcassets in Resources */ = {isa = PBXBuildFile; fileRef = 52BF522222B0730000899F8E /* Assets.xcassets */; };
		52BF522622B0730000899F8E /* LaunchScreen.storyboard in Resources */ = {isa = PBXBuildFile; fileRef = 52BF522422B0730000899F8E /* LaunchScreen.storyboard */; };
		52BF522E22B0758200899F8E /* PhotoViewController.swift in Sources */ = {isa = PBXBuildFile; fileRef = 52BF522D22B0758200899F8E /* PhotoViewController.swift */; };
		52D3084522C2EDDA00179A3A /* globals.swift in Sources */ = {isa = PBXBuildFile; fileRef = 52D3084422C2EDDA00179A3A /* globals.swift */; };
/* End PBXBuildFile section */

/* Begin PBXFileReference section */
		5222E01B22B32F100043B882 /* UIImage_mergeToGrid.swift */ = {isa = PBXFileReference; lastKnownFileType = sourcecode.swift; path = UIImage_mergeToGrid.swift; sourceTree = "<group>"; };
		52420C1722B0BBEF00275292 /* CountdownViewController.swift */ = {isa = PBXFileReference; lastKnownFileType = sourcecode.swift; path = CountdownViewController.swift; sourceTree = "<group>"; };
		52420C1922B0CCCD00275292 /* ScreenViewController.swift */ = {isa = PBXFileReference; lastKnownFileType = sourcecode.swift; path = ScreenViewController.swift; sourceTree = "<group>"; };
		52BF521822B072FF00899F8E /* Photobooth.app */ = {isa = PBXFileReference; explicitFileType = wrapper.application; includeInIndex = 0; path = Photobooth.app; sourceTree = BUILT_PRODUCTS_DIR; };
		52BF521B22B072FF00899F8E /* AppDelegate.swift */ = {isa = PBXFileReference; lastKnownFileType = sourcecode.swift; path = AppDelegate.swift; sourceTree = "<group>"; };
		52BF521D22B072FF00899F8E /* ViewController.swift */ = {isa = PBXFileReference; lastKnownFileType = sourcecode.swift; path = ViewController.swift; sourceTree = "<group>"; };
		52BF522022B072FF00899F8E /* Base */ = {isa = PBXFileReference; lastKnownFileType = file.storyboard; name = Base; path = Base.lproj/Main.storyboard; sourceTree = "<group>"; };
		52BF522222B0730000899F8E /* Assets.xcassets */ = {isa = PBXFileReference; lastKnownFileType = folder.assetcatalog; path = Assets.xcassets; sourceTree = "<group>"; };
		52BF522522B0730000899F8E /* Base */ = {isa = PBXFileReference; lastKnownFileType = file.storyboard; name = Base; path = Base.lproj/LaunchScreen.storyboard; sourceTree = "<group>"; };
		52BF522722B0730000899F8E /* Info.plist */ = {isa = PBXFileReference; lastKnownFileType = text.plist.xml; path = Info.plist; sourceTree = "<group>"; };
		52BF522D22B0758200899F8E /* PhotoViewController.swift */ = {isa = PBXFileReference; lastKnownFileType = sourcecode.swift; path = PhotoViewController.swift; sourceTree = "<group>"; };
		52D3084422C2EDDA00179A3A /* globals.swift */ = {isa = PBXFileReference; lastKnownFileType = sourcecode.swift; path = globals.swift; sourceTree = "<group>"; };
/* End PBXFileReference section */

/* Begin PBXFrameworksBuildPhase section */
		52BF521522B072FF00899F8E /* Frameworks */ = {
			isa = PBXFrameworksBuildPhase;
			buildActionMask = 2147483647;
			files = (
			);
			runOnlyForDeploymentPostprocessing = 0;
		};
/* End PBXFrameworksBuildPhase section */

/* Begin PBXGroup section */
		5222E01A22B32EE20043B882 /* Extensions */ = {
			isa = PBXGroup;
			children = (
				5222E01B22B32F100043B882 /* UIImage_mergeToGrid.swift */,
			);
			path = Extensions;
			sourceTree = "<group>";
		};
		52BF520F22B072FF00899F8E = {
			isa = PBXGroup;
			children = (
				52BF521A22B072FF00899F8E /* Photobooth */,
				52BF521922B072FF00899F8E /* Products */,
			);
			sourceTree = "<group>";
		};
		52BF521922B072FF00899F8E /* Products */ = {
			isa = PBXGroup;
			children = (
				52BF521822B072FF00899F8E /* Photobooth.app */,
			);
			name = Products;
			sourceTree = "<group>";
		};
		52BF521A22B072FF00899F8E /* Photobooth */ = {
			isa = PBXGroup;
			children = (
				5222E01A22B32EE20043B882 /* Extensions */,
				52BF521B22B072FF00899F8E /* AppDelegate.swift */,
				52420C1722B0BBEF00275292 /* CountdownViewController.swift */,
				52BF521D22B072FF00899F8E /* ViewController.swift */,
				52BF522D22B0758200899F8E /* PhotoViewController.swift */,
				52BF521F22B072FF00899F8E /* Main.storyboard */,
				52BF522222B0730000899F8E /* Assets.xcassets */,
				52BF522422B0730000899F8E /* LaunchScreen.storyboard */,
				52BF522722B0730000899F8E /* Info.plist */,
				52420C1922B0CCCD00275292 /* ScreenViewController.swift */,
				52D3084422C2EDDA00179A3A /* globals.swift */,
			);
			path = Photobooth;
			sourceTree = "<group>";
		};
/* End PBXGroup section */

/* Begin PBXNativeTarget section */
		52BF521722B072FF00899F8E /* Photobooth */ = {
			isa = PBXNativeTarget;
			buildConfigurationList = 52BF522A22B0730000899F8E /* Build configuration list for PBXNativeTarget "Photobooth" */;
			buildPhases = (
				52BF521422B072FF00899F8E /* Sources */,
				52BF521522B072FF00899F8E /* Frameworks */,
				52BF521622B072FF00899F8E /* Resources */,
			);
			buildRules = (
			);
			dependencies = (
			);
			name = Photobooth;
			productName = "Custom Camera";
			productReference = 52BF521822B072FF00899F8E /* Photobooth.app */;
			productType = "com.apple.product-type.application";
		};
/* End PBXNativeTarget section */

/* Begin PBXProject section */
		52BF521022B072FF00899F8E /* Project object */ = {
			isa = PBXProject;
			attributes = {
				LastSwiftUpdateCheck = 1020;
				LastUpgradeCheck = 1020;
				ORGANIZATIONNAME = "Kenny Arehart";
				TargetAttributes = {
					52BF521722B072FF00899F8E = {
						CreatedOnToolsVersion = 10.2.1;
					};
				};
			};
			buildConfigurationList = 52BF521322B072FF00899F8E /* Build configuration list for PBXProject "Photobooth" */;
			compatibilityVersion = "Xcode 9.3";
			developmentRegion = en;
			hasScannedForEncodings = 0;
			knownRegions = (
				en,
				Base,
			);
			mainGroup = 52BF520F22B072FF00899F8E;
			productRefGroup = 52BF521922B072FF00899F8E /* Products */;
			projectDirPath = "";
			projectRoot = "";
			targets = (
				52BF521722B072FF00899F8E /* Photobooth */,
			);
		};
/* End PBXProject section */

/* Begin PBXResourcesBuildPhase section */
		52BF521622B072FF00899F8E /* Resources */ = {
			isa = PBXResourcesBuildPhase;
			buildActionMask = 2147483647;
			files = (
				52BF522622B0730000899F8E /* LaunchScreen.storyboard in Resources */,
				52BF522322B0730000899F8E /* Assets.xcassets in Resources */,
				52BF522122B072FF00899F8E /* Main.storyboard in Resources */,
			);
			runOnlyForDeploymentPostprocessing = 0;
		};
/* End PBXResourcesBuildPhase section */

/* Begin PBXSourcesBuildPhase section */
		52BF521422B072FF00899F8E /* Sources */ = {
			isa = PBXSourcesBuildPhase;
			buildActionMask = 2147483647;
			files = (
				52420C1822B0BBEF00275292 /* CountdownViewController.swift in Sources */,
				52BF521E22B072FF00899F8E /* ViewController.swift in Sources */,
				52420C1A22B0CCCD00275292 /* ScreenViewController.swift in Sources */,
				52D3084522C2EDDA00179A3A /* globals.swift in Sources */,
				52BF521C22B072FF00899F8E /* AppDelegate.swift in Sources */,
				52BF522E22B0758200899F8E /* PhotoViewController.swift in Sources */,
				5222E01C22B32F100043B882 /* UIImage_mergeToGrid.swift in Sources */,
			);
			runOnlyForDeploymentPostprocessing = 0;
		};
/* End PBXSourcesBuildPhase section */

/* Begin PBXVariantGroup section */
		52BF521F22B072FF00899F8E /* Main.storyboard */ = {
			isa = PBXVariantGroup;
			children = (
				52BF522022B072FF00899F8E /* Base */,
			);
			name = Main.storyboard;
			sourceTree = "<group>";
		};
		52BF522422B0730000899F8E /* LaunchScreen.storyboard */ = {
			isa = PBXVariantGroup;
			children = (
				52BF522522B0730000899F8E /* Base */,
			);
			name = LaunchScreen.storyboard;
			sourceTree = "<group>";
		};
/* End PBXVariantGroup section */

/* Begin XCBuildConfiguration section */
		52BF522822B0730000899F8E /* Debug */ = {
			isa = XCBuildConfiguration;
			buildSettings = {
				ALWAYS_SEARCH_USER_PATHS = NO;
				CLANG_ANALYZER_NONNULL = YES;
				CLANG_ANALYZER_NUMBER_OBJECT_CONVERSION = YES_AGGRESSIVE;
				CLANG_CXX_LANGUAGE_STANDARD = "gnu++14";
				CLANG_CXX_LIBRARY = "libc++";
				CLANG_ENABLE_MODULES = YES;
				CLANG_ENABLE_OBJC_ARC = YES;
				CLANG_ENABLE_OBJC_WEAK = YES;
				CLANG_WARN_BLOCK_CAPTURE_AUTORELEASING = YES;
				CLANG_WARN_BOOL_CONVERSION = YES;
				CLANG_WARN_COMMA = YES;
				CLANG_WARN_CONSTANT_CONVERSION = YES;
				CLANG_WARN_DEPRECATED_OBJC_IMPLEMENTATIONS = YES;
				CLANG_WARN_DIRECT_OBJC_ISA_USAGE = YES_ERROR;
				CLANG_WARN_DOCUMENTATION_COMMENTS = YES;
				CLANG_WARN_EMPTY_BODY = YES;
				CLANG_WARN_ENUM_CONVERSION = YES;
				CLANG_WARN_INFINITE_RECURSION = YES;
				CLANG_WARN_INT_CONVERSION = YES;
				CLANG_WARN_NON_LITERAL_NULL_CONVERSION = YES;
				CLANG_WARN_OBJC_IMPLICIT_RETAIN_SELF = YES;
				CLANG_WARN_OBJC_LITERAL_CONVERSION = YES;
				CLANG_WARN_OBJC_ROOT_CLASS = YES_ERROR;
				CLANG_WARN_RANGE_LOOP_ANALYSIS = YES;
				CLANG_WARN_STRICT_PROTOTYPES = YES;
				CLANG_WARN_SUSPICIOUS_MOVE = YES;
				CLANG_WARN_UNGUARDED_AVAILABILITY = YES_AGGRESSIVE;
				CLANG_WARN_UNREACHABLE_CODE = YES;
				CLANG_WARN__DUPLICATE_METHOD_MATCH = YES;
				CODE_SIGN_IDENTITY = "iPhone Developer";
				COPY_PHASE_STRIP = NO;
				DEBUG_INFORMATION_FORMAT = dwarf;
				ENABLE_STRICT_OBJC_MSGSEND = YES;
				ENABLE_TESTABILITY = YES;
				GCC_C_LANGUAGE_STANDARD = gnu11;
				GCC_DYNAMIC_NO_PIC = NO;
				GCC_NO_COMMON_BLOCKS = YES;
				GCC_OPTIMIZATION_LEVEL = 0;
				GCC_PREPROCESSOR_DEFINITIONS = (
					"DEBUG=1",
					"$(inherited)",
				);
				GCC_WARN_64_TO_32_BIT_CONVERSION = YES;
				GCC_WARN_ABOUT_RETURN_TYPE = YES_ERROR;
				GCC_WARN_UNDECLARED_SELECTOR = YES;
				GCC_WARN_UNINITIALIZED_AUTOS = YES_AGGRESSIVE;
				GCC_WARN_UNUSED_FUNCTION = YES;
				GCC_WARN_UNUSED_VARIABLE = YES;
				IPHONEOS_DEPLOYMENT_TARGET = 12.2;
				MTL_ENABLE_DEBUG_INFO = INCLUDE_SOURCE;
				MTL_FAST_MATH = YES;
				ONLY_ACTIVE_ARCH = YES;
				SDKROOT = iphoneos;
				SWIFT_ACTIVE_COMPILATION_CONDITIONS = DEBUG;
				SWIFT_OPTIMIZATION_LEVEL = "-Onone";
			};
			name = Debug;
		};
		52BF522922B0730000899F8E /* Release */ = {
			isa = XCBuildConfiguration;
			buildSettings = {
				ALWAYS_SEARCH_USER_PATHS = NO;
				CLANG_ANALYZER_NONNULL = YES;
				CLANG_ANALYZER_NUMBER_OBJECT_CONVERSION = YES_AGGRESSIVE;
				CLANG_CXX_LANGUAGE_STANDARD = "gnu++14";
				CLANG_CXX_LIBRARY = "libc++";
				CLANG_ENABLE_MODULES = YES;
				CLANG_ENABLE_OBJC_ARC = YES;
				CLANG_ENABLE_OBJC_WEAK = YES;
				CLANG_WARN_BLOCK_CAPTURE_AUTORELEASING = YES;
				CLANG_WARN_BOOL_CONVERSION = YES;
				CLANG_WARN_COMMA = YES;
				CLANG_WARN_CONSTANT_CONVERSION = YES;
				CLANG_WARN_DEPRECATED_OBJC_IMPLEMENTATIONS = YES;
				CLANG_WARN_DIRECT_OBJC_ISA_USAGE = YES_ERROR;
				CLANG_WARN_DOCUMENTATION_COMMENTS = YES;
				CLANG_WARN_EMPTY_BODY = YES;
				CLANG_WARN_ENUM_CONVERSION = YES;
				CLANG_WARN_INFINITE_RECURSION = YES;
				CLANG_WARN_INT_CONVERSION = YES;
				CLANG_WARN_NON_LITERAL_NULL_CONVERSION = YES;
				CLANG_WARN_OBJC_IMPLICIT_RETAIN_SELF = YES;
				CLANG_WARN_OBJC_LITERAL_CONVERSION = YES;
				CLANG_WARN_OBJC_ROOT_CLASS = YES_ERROR;
				CLANG_WARN_RANGE_LOOP_ANALYSIS = YES;
				CLANG_WARN_STRICT_PROTOTYPES = YES;
				CLANG_WARN_SUSPICIOUS_MOVE = YES;
				CLANG_WARN_UNGUARDED_AVAILABILITY = YES_AGGRESSIVE;
				CLANG_WARN_UNREACHABLE_CODE = YES;
				CLANG_WARN__DUPLICATE_METHOD_MATCH = YES;
				CODE_SIGN_IDENTITY = "iPhone Developer";
				COPY_PHASE_STRIP = NO;
				DEBUG_INFORMATION_FORMAT = "dwarf-with-dsym";
				ENABLE_NS_ASSERTIONS = NO;
				ENABLE_STRICT_OBJC_MSGSEND = YES;
				GCC_C_LANGUAGE_STANDARD = gnu11;
				GCC_NO_COMMON_BLOCKS = YES;
				GCC_WARN_64_TO_32_BIT_CONVERSION = YES;
				GCC_WARN_ABOUT_RETURN_TYPE = YES_ERROR;
				GCC_WARN_UNDECLARED_SELECTOR = YES;
				GCC_WARN_UNINITIALIZED_AUTOS = YES_AGGRESSIVE;
				GCC_WARN_UNUSED_FUNCTION = YES;
				GCC_WARN_UNUSED_VARIABLE = YES;
				IPHONEOS_DEPLOYMENT_TARGET = 12.2;
				MTL_ENABLE_DEBUG_INFO = NO;
				MTL_FAST_MATH = YES;
				SDKROOT = iphoneos;
				SWIFT_COMPILATION_MODE = wholemodule;
				SWIFT_OPTIMIZATION_LEVEL = "-O";
				VALIDATE_PRODUCT = YES;
			};
			name = Release;
		};
		52BF522B22B0730000899F8E /* Debug */ = {
			isa = XCBuildConfiguration;
			buildSettings = {
				ASSETCATALOG_COMPILER_APPICON_NAME = AppIcon;
				ASSETCATALOG_COMPILER_LAUNCHIMAGE_NAME = LaunchImage;
				CODE_SIGN_STYLE = Automatic;
				DEVELOPMENT_TEAM = 8L4V6LQ5AH;
				INFOPLIST_FILE = Photobooth/Info.plist;
				IPHONEOS_DEPLOYMENT_TARGET = 9.2;
				LD_RUNPATH_SEARCH_PATHS = (
					"$(inherited)",
					"@executable_path/Frameworks",
				);
				PRODUCT_BUNDLE_IDENTIFIER = com.kennyarehart.Photobooth;
				PRODUCT_NAME = "$(TARGET_NAME)";
				SWIFT_VERSION = 5.0;
				TARGETED_DEVICE_FAMILY = "1,2";
			};
			name = Debug;
		};
		52BF522C22B0730000899F8E /* Release */ = {
			isa = XCBuildConfiguration;
			buildSettings = {
				ASSETCATALOG_COMPILER_APPICON_NAME = AppIcon;
				ASSETCATALOG_COMPILER_LAUNCHIMAGE_NAME = LaunchImage;
				CODE_SIGN_STYLE = Automatic;
				DEVELOPMENT_TEAM = 8L4V6LQ5AH;
				INFOPLIST_FILE = Photobooth/Info.plist;
				IPHONEOS_DEPLOYMENT_TARGET = 9.2;
				LD_RUNPATH_SEARCH_PATHS = (
					"$(inherited)",
					"@executable_path/Frameworks",
				);
				PRODUCT_BUNDLE_IDENTIFIER = com.kennyarehart.Photobooth;
				PRODUCT_NAME = "$(TARGET_NAME)";
				SWIFT_VERSION = 5.0;
				TARGETED_DEVICE_FAMILY = "1,2";
			};
			name = Release;
		};
/* End XCBuildConfiguration section */

/* Begin XCConfigurationList section */
		52BF521322B072FF00899F8E /* Build configuration list for PBXProject "Photobooth" */ = {
			isa = XCConfigurationList;
			buildConfigurations = (
				52BF522822B0730000899F8E /* Debug */,
				52BF522922B0730000899F8E /* Release */,
			);
			defaultConfigurationIsVisible = 0;
			defaultConfigurationName = Release;
		};
		52BF522A22B0730000899F8E /* Build configuration list for PBXNativeTarget "Photobooth" */ = {
			isa = XCConfigurationList;
			buildConfigurations = (
				52BF522B22B0730000899F8E /* Debug */,
				52BF522C22B0730000899F8E /* Release */,
			);
			defaultConfigurationIsVisible = 0;
			defaultConfigurationName = Release;
		};
/* End XCConfigurationList section */
	};
	rootObject = 52BF521022B072FF00899F8E /* Project object */;
}
